
Microsoft Visual Studio Solution File, Format Version 12.00
# Visual Studio Version 17
VisualStudioVersion = 17.9.34616.47
MinimumVisualStudioVersion = 10.0.40219.1
Project("{FAE04EC0-301F-11D3-BF4B-00C04F79EFBC}") = "WindowsFormsApp1", "WindowsFormsApp1\WindowsFormsApp1.csproj", "{06604045-3F23-42DC-9AFB-E3102F31B393}"
EndProject
Global
	GlobalSection(SolutionConfigurationPlatforms) = preSolution
		ArgsDebug|Any CPU = ArgsDebug|Any CPU
		ArgsRelease|Any CPU = ArgsRelease|Any CPU
		Debug|Any CPU = Debug|Any CPU
		Kpoop|Any CPU = Kpoop|Any CPU
		Release|Any CPU = Release|Any CPU
	EndGlobalSection
	GlobalSection(ProjectConfigurationPlatforms) = postSolution
		{06604045-3F23-42DC-9AFB-E3102F31B393}.ArgsDebug|Any CPU.ActiveCfg = ArgsDebug|Any CPU
		{06604045-3F23-42DC-9AFB-E3102F31B393}.ArgsDebug|Any CPU.Build.0 = ArgsDebug|Any CPU
		{06604045-3F23-42DC-9AFB-E3102F31B393}.ArgsRelease|Any CPU.ActiveCfg = ArgsRelease|Any CPU
		{06604045-3F23-42DC-9AFB-E3102F31B393}.ArgsRelease|Any CPU.Build.0 = ArgsRelease|Any CPU
		{06604045-3F23-42DC-9AFB-E3102F31B393}.Debug|Any CPU.ActiveCfg = Debug|Any CPU
		{06604045-3F23-42DC-9AFB-E3102F31B393}.Debug|Any CPU.Build.0 = Debug|Any CPU
		{06604045-3F23-42DC-9AFB-E3102F31B393}.Kpoop|Any CPU.ActiveCfg = Kpoop|Any CPU
		{06604045-3F23-42DC-9AFB-E3102F31B393}.Kpoop|Any CPU.Build.0 = Kpoop|Any CPU
		{06604045-3F23-42DC-9AFB-E3102F31B393}.Release|Any CPU.ActiveCfg = Release|Any CPU
		{06604045-3F23-42DC-9AFB-E3102F31B393}.Release|Any CPU.Build.0 = Release|Any CPU
	EndGlobalSection
	GlobalSection(SolutionProperties) = preSolution
		HideSolutionNode = FALSE
	EndGlobalSection
	GlobalSection(ExtensibilityGlobals) = postSolution
		SolutionGuid = {0AA1FA80-F42C-4990-B7CE-629C26FFB3A6}
	EndGlobalSection
EndGlobal
